
Microsoft Visual Studio Solution File, Format Version 12.00
# Visual Studio Version 16
VisualStudioVersion = 16.0.28803.156
MinimumVisualStudioVersion = 10.0.40219.1
Project("{FAE04EC0-301F-11D3-BF4B-00C04F79EFBC}") = "2048", "2048\2048.csproj", "{B33A5A03-6FDA-408C-86C1-62C8EDA34F5E}"
EndProject
Global
	GlobalSection(SolutionConfigurationPlatforms) = preSolution
		Debug|Any CPU = Debug|Any CPU
		Debug|x64 = Debug|x64
		Release|Any CPU = Release|Any CPU
		Release|x64 = Release|x64
	EndGlobalSection
	GlobalSection(ProjectConfigurationPlatforms) = postSolution
		{B33A5A03-6FDA-408C-86C1-62C8EDA34F5E}.Debug|Any CPU.ActiveCfg = Debug|Any CPU
		{B33A5A03-6FDA-408C-86C1-62C8EDA34F5E}.Debug|Any CPU.Build.0 = Debug|Any CPU
		{B33A5A03-6FDA-408C-86C1-62C8EDA34F5E}.Debug|x64.ActiveCfg = Debug|x64
		{B33A5A03-6FDA-408C-86C1-62C8EDA34F5E}.Debug|x64.Build.0 = Debug|x64
		{B33A5A03-6FDA-408C-86C1-62C8EDA34F5E}.Release|Any CPU.ActiveCfg = Release|Any CPU
		{B33A5A03-6FDA-408C-86C1-62C8EDA34F5E}.Release|Any CPU.Build.0 = Release|Any CPU
		{B33A5A03-6FDA-408C-86C1-62C8EDA34F5E}.Release|x64.ActiveCfg = Release|x64
		{B33A5A03-6FDA-408C-86C1-62C8EDA34F5E}.Release|x64.Build.0 = Release|x64
	EndGlobalSection
	GlobalSection(SolutionProperties) = preSolution
		HideSolutionNode = FALSE
	EndGlobalSection
	GlobalSection(ExtensibilityGlobals) = postSolution
		SolutionGuid = {E8376A80-8351-455D-935D-370559912489}
	EndGlobalSection
EndGlobal
